{
  "requires": true,
  "lockfileVersion": 1,
  "dependencies": {
    "@types/node": {
      "version": "9.6.41",
      "resolved": "https://registry.npmjs.org/@types/node/-/node-9.6.41.tgz",
      "integrity": "sha512-sPZWEbFMz6qAy9SLY7jh5cgepmsiwqUUHjvEm8lpU6kug2hmmcyuTnwhoGw/GWpI5Npue4EqvsiQQI0eWjW/ZA=="
    },
    "react-google-calendar-api": {
      "version": "1.0.10",
      "resolved": "https://registry.npmjs.org/react-google-calendar-api/-/react-google-calendar-api-1.0.10.tgz",
      "integrity": "sha512-xq+kiPyFVFbdYfRfLJaIhEGQIh6/yLPmtuV//4VPBijvuc+GBg9mgRJRu9iFGPQCH19WyA51Of08R44ivQ6CJA==",
      "requires": {
        "@types/node": "^9.6.39"
      }
    }
  }
}
